// !$*UTF8*$!
{
	archiveVersion = 1;
	classes = {
	};
	objectVersion = 46;
	objects = {

/* Begin PBXBuildFile section */
		291496241CEEC464003E3E11 /* JQEssenceViewController.m in Sources */ = {isa = PBXBuildFile; fileRef = 291496011CEEC464003E3E11 /* JQEssenceViewController.m */; };
		291496251CEEC464003E3E11 /* JQFriendTrendsViewController.m in Sources */ = {isa = PBXBuildFile; fileRef = 291496071CEEC464003E3E11 /* JQFriendTrendsViewController.m */; };
		291496261CEEC464003E3E11 /* JQMeViewController.m in Sources */ = {isa = PBXBuildFile; fileRef = 2914960D1CEEC464003E3E11 /* JQMeViewController.m */; };
		291496271CEEC464003E3E11 /* JQNewViewController.m in Sources */ = {isa = PBXBuildFile; fileRef = 291496131CEEC464003E3E11 /* JQNewViewController.m */; };
		291496281CEEC464003E3E11 /* AppDelegate.m in Sources */ = {isa = PBXBuildFile; fileRef = 291496181CEEC464003E3E11 /* AppDelegate.m */; };
		291496291CEEC464003E3E11 /* UIView+JQExtension.m in Sources */ = {isa = PBXBuildFile; fileRef = 2914961B1CEEC464003E3E11 /* UIView+JQExtension.m */; };
		2914962A1CEEC464003E3E11 /* JQTabBarController.m in Sources */ = {isa = PBXBuildFile; fileRef = 2914961E1CEEC464003E3E11 /* JQTabBarController.m */; };
		2914962B1CEEC464003E3E11 /* main.m in Sources */ = {isa = PBXBuildFile; fileRef = 2914961F1CEEC464003E3E11 /* main.m */; };
		2914962C1CEEC464003E3E11 /* JQTabBar.m in Sources */ = {isa = PBXBuildFile; fileRef = 291496231CEEC464003E3E11 /* JQTabBar.m */; };
		291496321CEEC594003E3E11 /* UIBarButtonItem+JQExtension.m in Sources */ = {isa = PBXBuildFile; fileRef = 291496311CEEC594003E3E11 /* UIBarButtonItem+JQExtension.m */; };
		770C02DF1CEFECB000FF6638 /* JQNavigationController.m in Sources */ = {isa = PBXBuildFile; fileRef = 770C02DE1CEFECB000FF6638 /* JQNavigationController.m */; };
		770C02E11CEFF3B000FF6638 /* JQFriendTrendsViewController.xib in Resources */ = {isa = PBXBuildFile; fileRef = 770C02E01CEFF3B000FF6638 /* JQFriendTrendsViewController.xib */; };
		77A5A1CA1CEDB4AD00DABE07 /* Assets.xcassets in Resources */ = {isa = PBXBuildFile; fileRef = 77A5A1C91CEDB4AD00DABE07 /* Assets.xcassets */; };
		77A5A1D81CEDB4AD00DABE07 /* _____Tests.m in Sources */ = {isa = PBXBuildFile; fileRef = 77A5A1D71CEDB4AD00DABE07 /* _____Tests.m */; };
		77A5A1E31CEDB4AD00DABE07 /* _____UITests.m in Sources */ = {isa = PBXBuildFile; fileRef = 77A5A1E21CEDB4AD00DABE07 /* _____UITests.m */; };
		BEC29197FB4702E27B00CCE9 /* libPods-百思不得姐.a in Frameworks */ = {isa = PBXBuildFile; fileRef = 3B6335B385CD2E2EE45BED69 /* libPods-百思不得姐.a */; };
/* End PBXBuildFile section */

/* Begin PBXContainerItemProxy section */
		77A5A1D41CEDB4AD00DABE07 /* PBXContainerItemProxy */ = {
			isa = PBXContainerItemProxy;
			containerPortal = 77A5A1B21CEDB4AB00DABE07 /* Project object */;
			proxyType = 1;
			remoteGlobalIDString = 77A5A1B91CEDB4AC00DABE07;
			remoteInfo = "百思不得姐";
		};
		77A5A1DF1CEDB4AD00DABE07 /* PBXContainerItemProxy */ = {
			isa = PBXContainerItemProxy;
			containerPortal = 77A5A1B21CEDB4AB00DABE07 /* Project object */;
			proxyType = 1;
			remoteGlobalIDString = 77A5A1B91CEDB4AC00DABE07;
			remoteInfo = "百思不得姐";
		};
/* End PBXContainerItemProxy section */

/* Begin PBXFileReference section */
		1AE2C21955BCDB7313DAB31C /* Pods-百思不得姐.debug.xcconfig */ = {isa = PBXFileReference; includeInIndex = 1; lastKnownFileType = text.xcconfig; name = "Pods-百思不得姐.debug.xcconfig"; path = "Pods/Target Support Files/Pods-百思不得姐/Pods-百思不得姐.debug.xcconfig"; sourceTree = "<group>"; };
		291496001CEEC464003E3E11 /* JQEssenceViewController.h */ = {isa = PBXFileReference; fileEncoding = 4; lastKnownFileType = sourcecode.c.h; path = JQEssenceViewController.h; sourceTree = "<group>"; };
		291496011CEEC464003E3E11 /* JQEssenceViewController.m */ = {isa = PBXFileReference; fileEncoding = 4; lastKnownFileType = sourcecode.c.objc; path = JQEssenceViewController.m; sourceTree = "<group>"; };
		291496061CEEC464003E3E11 /* JQFriendTrendsViewController.h */ = {isa = PBXFileReference; fileEncoding = 4; lastKnownFileType = sourcecode.c.h; path = JQFriendTrendsViewController.h; sourceTree = "<group>"; };
		291496071CEEC464003E3E11 /* JQFriendTrendsViewController.m */ = {isa = PBXFileReference; fileEncoding = 4; lastKnownFileType = sourcecode.c.objc; path = JQFriendTrendsViewController.m; sourceTree = "<group>"; };
		2914960C1CEEC464003E3E11 /* JQMeViewController.h */ = {isa = PBXFileReference; fileEncoding = 4; lastKnownFileType = sourcecode.c.h; path = JQMeViewController.h; sourceTree = "<group>"; };
		2914960D1CEEC464003E3E11 /* JQMeViewController.m */ = {isa = PBXFileReference; fileEncoding = 4; lastKnownFileType = sourcecode.c.objc; path = JQMeViewController.m; sourceTree = "<group>"; };
		291496121CEEC464003E3E11 /* JQNewViewController.h */ = {isa = PBXFileReference; fileEncoding = 4; lastKnownFileType = sourcecode.c.h; path = JQNewViewController.h; sourceTree = "<group>"; };
		291496131CEEC464003E3E11 /* JQNewViewController.m */ = {isa = PBXFileReference; fileEncoding = 4; lastKnownFileType = sourcecode.c.objc; path = JQNewViewController.m; sourceTree = "<group>"; };
		291496171CEEC464003E3E11 /* AppDelegate.h */ = {isa = PBXFileReference; fileEncoding = 4; lastKnownFileType = sourcecode.c.h; path = AppDelegate.h; sourceTree = "<group>"; };
		291496181CEEC464003E3E11 /* AppDelegate.m */ = {isa = PBXFileReference; fileEncoding = 4; lastKnownFileType = sourcecode.c.objc; path = AppDelegate.m; sourceTree = "<group>"; };
		2914961A1CEEC464003E3E11 /* UIView+JQExtension.h */ = {isa = PBXFileReference; fileEncoding = 4; lastKnownFileType = sourcecode.c.h; path = "UIView+JQExtension.h"; sourceTree = "<group>"; };
		2914961B1CEEC464003E3E11 /* UIView+JQExtension.m */ = {isa = PBXFileReference; fileEncoding = 4; lastKnownFileType = sourcecode.c.objc; path = "UIView+JQExtension.m"; sourceTree = "<group>"; };
		2914961D1CEEC464003E3E11 /* JQTabBarController.h */ = {isa = PBXFileReference; fileEncoding = 4; lastKnownFileType = sourcecode.c.h; path = JQTabBarController.h; sourceTree = "<group>"; };
		2914961E1CEEC464003E3E11 /* JQTabBarController.m */ = {isa = PBXFileReference; fileEncoding = 4; lastKnownFileType = sourcecode.c.objc; path = JQTabBarController.m; sourceTree = "<group>"; };
		2914961F1CEEC464003E3E11 /* main.m */ = {isa = PBXFileReference; fileEncoding = 4; lastKnownFileType = sourcecode.c.objc; path = main.m; sourceTree = "<group>"; };
		291496201CEEC464003E3E11 /* PrefixHeader.pch */ = {isa = PBXFileReference; fileEncoding = 4; lastKnownFileType = sourcecode.c.h; path = PrefixHeader.pch; sourceTree = "<group>"; };
		291496221CEEC464003E3E11 /* JQTabBar.h */ = {isa = PBXFileReference; fileEncoding = 4; lastKnownFileType = sourcecode.c.h; path = JQTabBar.h; sourceTree = "<group>"; };
		291496231CEEC464003E3E11 /* JQTabBar.m */ = {isa = PBXFileReference; fileEncoding = 4; lastKnownFileType = sourcecode.c.objc; path = JQTabBar.m; sourceTree = "<group>"; };
		291496301CEEC594003E3E11 /* UIBarButtonItem+JQExtension.h */ = {isa = PBXFileReference; fileEncoding = 4; lastKnownFileType = sourcecode.c.h; path = "UIBarButtonItem+JQExtension.h"; sourceTree = "<group>"; };
		291496311CEEC594003E3E11 /* UIBarButtonItem+JQExtension.m */ = {isa = PBXFileReference; fileEncoding = 4; lastKnownFileType = sourcecode.c.objc; path = "UIBarButtonItem+JQExtension.m"; sourceTree = "<group>"; };
		3B6335B385CD2E2EE45BED69 /* libPods-百思不得姐.a */ = {isa = PBXFileReference; explicitFileType = archive.ar; includeInIndex = 0; path = "libPods-百思不得姐.a"; sourceTree = BUILT_PRODUCTS_DIR; };
		77A5A1BA1CEDB4AC00DABE07 /* 百思不得姐.app */ = {isa = PBXFileReference; explicitFileType = wrapper.application; includeInIndex = 0; path = "百思不得姐.app"; sourceTree = BUILT_PRODUCTS_DIR; };
		77A5A1C91CEDB4AD00DABE07 /* Assets.xcassets */ = {isa = PBXFileReference; lastKnownFileType = folder.assetcatalog; path = Assets.xcassets; sourceTree = "<group>"; };
		77A5A1CE1CEDB4AD00DABE07 /* Info.plist */ = {isa = PBXFileReference; lastKnownFileType = text.plist.xml; path = Info.plist; sourceTree = "<group>"; };
		77A5A1D31CEDB4AD00DABE07 /* 百思不得姐Tests.xctest */ = {isa = PBXFileReference; explicitFileType = wrapper.cfbundle; includeInIndex = 0; path = "百思不得姐Tests.xctest"; sourceTree = BUILT_PRODUCTS_DIR; };
		77A5A1D71CEDB4AD00DABE07 /* _____Tests.m */ = {isa = PBXFileReference; lastKnownFileType = sourcecode.c.objc; path = "_____Tests.m"; sourceTree = "<group>"; };
		77A5A1D91CEDB4AD00DABE07 /* Info.plist */ = {isa = PBXFileReference; lastKnownFileType = text.plist.xml; path = Info.plist; sourceTree = "<group>"; };
		77A5A1DE1CEDB4AD00DABE07 /* 百思不得姐UITests.xctest */ = {isa = PBXFileReference; explicitFileType = wrapper.cfbundle; includeInIndex = 0; path = "百思不得姐UITests.xctest"; sourceTree = BUILT_PRODUCTS_DIR; };
		77A5A1E21CEDB4AD00DABE07 /* _____UITests.m */ = {isa = PBXFileReference; lastKnownFileType = sourcecode.c.objc; path = "_____UITests.m"; sourceTree = "<group>"; };
		77A5A1E41CEDB4AD00DABE07 /* Info.plist */ = {isa = PBXFileReference; lastKnownFileType = text.plist.xml; path = Info.plist; sourceTree = "<group>"; };
		8BB9C7B97239F00690607E94 /* Pods-百思不得姐.release.xcconfig */ = {isa = PBXFileReference; includeInIndex = 1; lastKnownFileType = text.xcconfig; name = "Pods-百思不得姐.release.xcconfig"; path = "Pods/Target Support Files/Pods-百思不得姐/Pods-百思不得姐.release.xcconfig"; sourceTree = "<group>"; };
/* End PBXFileReference section */

/* Begin PBXFrameworksBuildPhase section */
		77A5A1B71CEDB4AC00DABE07 /* Frameworks */ = {
			isa = PBXFrameworksBuildPhase;
			buildActionMask = 2147483647;
			files = (
				BEC29197FB4702E27B00CCE9 /* libPods-百思不得姐.a in Frameworks */,
			);
			runOnlyForDeploymentPostprocessing = 0;
		};
		77A5A1D01CEDB4AD00DABE07 /* Frameworks */ = {
			isa = PBXFrameworksBuildPhase;
			buildActionMask = 2147483647;
			files = (
			);
			runOnlyForDeploymentPostprocessing = 0;
		};
		77A5A1DB1CEDB4AD00DABE07 /* Frameworks */ = {
			isa = PBXFrameworksBuildPhase;
			buildActionMask = 2147483647;
			files = (
			);
			runOnlyForDeploymentPostprocessing = 0;
		};
/* End PBXFrameworksBuildPhase section */

/* Begin PBXGroup section */
		291495FD1CEEC464003E3E11 /* Classes */ = {
			isa = PBXGroup;
			children = (
				291495FE1CEEC464003E3E11 /* Essence-精华 */,
				291496101CEEC464003E3E11 /* New-新帖 */,
				291496041CEEC464003E3E11 /* FriendTrends-关注 */,
				2914960A1CEEC464003E3E11 /* Me-我 */,
				291496161CEEC464003E3E11 /* Other-其他 */,
			);
			path = Classes;
			sourceTree = "<group>";
		};
		291495FE1CEEC464003E3E11 /* Essence-精华 */ = {
			isa = PBXGroup;
			children = (
				291495FF1CEEC464003E3E11 /* Controller */,
				291496021CEEC464003E3E11 /* Model */,
				291496031CEEC464003E3E11 /* View */,
			);
			path = "Essence-精华";
			sourceTree = "<group>";
		};
		291495FF1CEEC464003E3E11 /* Controller */ = {
			isa = PBXGroup;
			children = (
				291496001CEEC464003E3E11 /* JQEssenceViewController.h */,
				291496011CEEC464003E3E11 /* JQEssenceViewController.m */,
			);
			path = Controller;
			sourceTree = "<group>";
		};
		291496021CEEC464003E3E11 /* Model */ = {
			isa = PBXGroup;
			children = (
			);
			path = Model;
			sourceTree = "<group>";
		};
		291496031CEEC464003E3E11 /* View */ = {
			isa = PBXGroup;
			children = (
			);
			path = View;
			sourceTree = "<group>";
		};
		291496041CEEC464003E3E11 /* FriendTrends-关注 */ = {
			isa = PBXGroup;
			children = (
				291496051CEEC464003E3E11 /* Controller */,
				291496081CEEC464003E3E11 /* Model */,
				291496091CEEC464003E3E11 /* View */,
			);
			path = "FriendTrends-关注";
			sourceTree = "<group>";
		};
		291496051CEEC464003E3E11 /* Controller */ = {
			isa = PBXGroup;
			children = (
				291496061CEEC464003E3E11 /* JQFriendTrendsViewController.h */,
				291496071CEEC464003E3E11 /* JQFriendTrendsViewController.m */,
				770C02E01CEFF3B000FF6638 /* JQFriendTrendsViewController.xib */,
			);
			path = Controller;
			sourceTree = "<group>";
		};
		291496081CEEC464003E3E11 /* Model */ = {
			isa = PBXGroup;
			children = (
			);
			path = Model;
			sourceTree = "<group>";
		};
		291496091CEEC464003E3E11 /* View */ = {
			isa = PBXGroup;
			children = (
			);
			path = View;
			sourceTree = "<group>";
		};
		2914960A1CEEC464003E3E11 /* Me-我 */ = {
			isa = PBXGroup;
			children = (
				2914960B1CEEC464003E3E11 /* Controller */,
				2914960E1CEEC464003E3E11 /* Model */,
				2914960F1CEEC464003E3E11 /* View */,
			);
			path = "Me-我";
			sourceTree = "<group>";
		};
		2914960B1CEEC464003E3E11 /* Controller */ = {
			isa = PBXGroup;
			children = (
				2914960C1CEEC464003E3E11 /* JQMeViewController.h */,
				2914960D1CEEC464003E3E11 /* JQMeViewController.m */,
			);
			path = Controller;
			sourceTree = "<group>";
		};
		2914960E1CEEC464003E3E11 /* Model */ = {
			isa = PBXGroup;
			children = (
			);
			path = Model;
			sourceTree = "<group>";
		};
		2914960F1CEEC464003E3E11 /* View */ = {
			isa = PBXGroup;
			children = (
			);
			path = View;
			sourceTree = "<group>";
		};
		291496101CEEC464003E3E11 /* New-新帖 */ = {
			isa = PBXGroup;
			children = (
				291496111CEEC464003E3E11 /* Controller */,
				291496141CEEC464003E3E11 /* Model */,
				291496151CEEC464003E3E11 /* View */,
			);
			path = "New-新帖";
			sourceTree = "<group>";
		};
		291496111CEEC464003E3E11 /* Controller */ = {
			isa = PBXGroup;
			children = (
				291496121CEEC464003E3E11 /* JQNewViewController.h */,
				291496131CEEC464003E3E11 /* JQNewViewController.m */,
			);
			path = Controller;
			sourceTree = "<group>";
		};
		291496141CEEC464003E3E11 /* Model */ = {
			isa = PBXGroup;
			children = (
			);
			path = Model;
			sourceTree = "<group>";
		};
		291496151CEEC464003E3E11 /* View */ = {
			isa = PBXGroup;
			children = (
			);
			path = View;
			sourceTree = "<group>";
		};
		291496161CEEC464003E3E11 /* Other-其他 */ = {
			isa = PBXGroup;
			children = (
				291496191CEEC464003E3E11 /* Category */,
				291496211CEEC464003E3E11 /* View */,
				2914961C1CEEC464003E3E11 /* Controller */,
				291496171CEEC464003E3E11 /* AppDelegate.h */,
				291496181CEEC464003E3E11 /* AppDelegate.m */,
				2914961F1CEEC464003E3E11 /* main.m */,
				291496201CEEC464003E3E11 /* PrefixHeader.pch */,
			);
			path = "Other-其他";
			sourceTree = "<group>";
		};
		291496191CEEC464003E3E11 /* Category */ = {
			isa = PBXGroup;
			children = (
				2914961A1CEEC464003E3E11 /* UIView+JQExtension.h */,
				2914961B1CEEC464003E3E11 /* UIView+JQExtension.m */,
				291496301CEEC594003E3E11 /* UIBarButtonItem+JQExtension.h */,
				291496311CEEC594003E3E11 /* UIBarButtonItem+JQExtension.m */,
			);
			path = Category;
			sourceTree = "<group>";
		};
		2914961C1CEEC464003E3E11 /* Controller */ = {
			isa = PBXGroup;
			children = (
				2914961D1CEEC464003E3E11 /* JQTabBarController.h */,
				2914961E1CEEC464003E3E11 /* JQTabBarController.m */,
				770C02DD1CEFECB000FF6638 /* JQNavigationController.h */,
				770C02DE1CEFECB000FF6638 /* JQNavigationController.m */,
			);
			path = Controller;
			sourceTree = "<group>";
		};
		291496211CEEC464003E3E11 /* View */ = {
			isa = PBXGroup;
			children = (
				291496221CEEC464003E3E11 /* JQTabBar.h */,
				291496231CEEC464003E3E11 /* JQTabBar.m */,
			);
			path = View;
			sourceTree = "<group>";
		};
		368E0E268C16CFE042D5A969 /* Frameworks */ = {
			isa = PBXGroup;
			children = (
				3B6335B385CD2E2EE45BED69 /* libPods-百思不得姐.a */,
			);
			name = Frameworks;
			sourceTree = "<group>";
		};
		77A5A1B11CEDB4AB00DABE07 = {
			isa = PBXGroup;
			children = (
				77A5A1BC1CEDB4AD00DABE07 /* 百思不得姐 */,
				77A5A1D61CEDB4AD00DABE07 /* 百思不得姐Tests */,
				77A5A1E11CEDB4AD00DABE07 /* 百思不得姐UITests */,
				77A5A1BB1CEDB4AC00DABE07 /* Products */,
				9D00CB7474671EF876CA2FEF /* Pods */,
				368E0E268C16CFE042D5A969 /* Frameworks */,
			);
			sourceTree = "<group>";
		};
		77A5A1BB1CEDB4AC00DABE07 /* Products */ = {
			isa = PBXGroup;
			children = (
				77A5A1BA1CEDB4AC00DABE07 /* 百思不得姐.app */,
				77A5A1D31CEDB4AD00DABE07 /* 百思不得姐Tests.xctest */,
				77A5A1DE1CEDB4AD00DABE07 /* 百思不得姐UITests.xctest */,
			);
			name = Products;
			sourceTree = "<group>";
		};
		77A5A1BC1CEDB4AD00DABE07 /* 百思不得姐 */ = {
			isa = PBXGroup;
			children = (
				291495FD1CEEC464003E3E11 /* Classes */,
				77A5A1BD1CEDB4AD00DABE07 /* Supporting Files */,
			);
			path = "百思不得姐";
			sourceTree = "<group>";
		};
		77A5A1BD1CEDB4AD00DABE07 /* Supporting Files */ = {
			isa = PBXGroup;
			children = (
				77A5A1C91CEDB4AD00DABE07 /* Assets.xcassets */,
				77A5A1CE1CEDB4AD00DABE07 /* Info.plist */,
			);
			name = "Supporting Files";
			sourceTree = "<group>";
		};
		77A5A1D61CEDB4AD00DABE07 /* 百思不得姐Tests */ = {
			isa = PBXGroup;
			children = (
				77A5A1D71CEDB4AD00DABE07 /* _____Tests.m */,
				77A5A1D91CEDB4AD00DABE07 /* Info.plist */,
			);
			path = "百思不得姐Tests";
			sourceTree = "<group>";
		};
		77A5A1E11CEDB4AD00DABE07 /* 百思不得姐UITests */ = {
			isa = PBXGroup;
			children = (
				77A5A1E21CEDB4AD00DABE07 /* _____UITests.m */,
				77A5A1E41CEDB4AD00DABE07 /* Info.plist */,
			);
			path = "百思不得姐UITests";
			sourceTree = "<group>";
		};
		9D00CB7474671EF876CA2FEF /* Pods */ = {
			isa = PBXGroup;
			children = (
				1AE2C21955BCDB7313DAB31C /* Pods-百思不得姐.debug.xcconfig */,
				8BB9C7B97239F00690607E94 /* Pods-百思不得姐.release.xcconfig */,
			);
			name = Pods;
			sourceTree = "<group>";
		};
/* End PBXGroup section */

/* Begin PBXNativeTarget section */
		77A5A1B91CEDB4AC00DABE07 /* 百思不得姐 */ = {
			isa = PBXNativeTarget;
			buildConfigurationList = 77A5A1E71CEDB4AD00DABE07 /* Build configuration list for PBXNativeTarget "百思不得姐" */;
			buildPhases = (
				A1A1F830D1B2162BF2DD5C30 /* 📦 Check Pods Manifest.lock */,
				77A5A1B61CEDB4AC00DABE07 /* Sources */,
				77A5A1B71CEDB4AC00DABE07 /* Frameworks */,
				77A5A1B81CEDB4AC00DABE07 /* Resources */,
				63A015273C272E5BA559ADE4 /* 📦 Embed Pods Frameworks */,
				318512EDCCE72BA2E6F0E378 /* 📦 Copy Pods Resources */,
			);
			buildRules = (
			);
			dependencies = (
			);
			name = "百思不得姐";
			productName = "百思不得姐";
			productReference = 77A5A1BA1CEDB4AC00DABE07 /* 百思不得姐.app */;
			productType = "com.apple.product-type.application";
		};
		77A5A1D21CEDB4AD00DABE07 /* 百思不得姐Tests */ = {
			isa = PBXNativeTarget;
			buildConfigurationList = 77A5A1EA1CEDB4AD00DABE07 /* Build configuration list for PBXNativeTarget "百思不得姐Tests" */;
			buildPhases = (
				77A5A1CF1CEDB4AD00DABE07 /* Sources */,
				77A5A1D01CEDB4AD00DABE07 /* Frameworks */,
				77A5A1D11CEDB4AD00DABE07 /* Resources */,
			);
			buildRules = (
			);
			dependencies = (
				77A5A1D51CEDB4AD00DABE07 /* PBXTargetDependency */,
			);
			name = "百思不得姐Tests";
			productName = "百思不得姐Tests";
			productReference = 77A5A1D31CEDB4AD00DABE07 /* 百思不得姐Tests.xctest */;
			productType = "com.apple.product-type.bundle.unit-test";
		};
		77A5A1DD1CEDB4AD00DABE07 /* 百思不得姐UITests */ = {
			isa = PBXNativeTarget;
			buildConfigurationList = 77A5A1ED1CEDB4AD00DABE07 /* Build configuration list for PBXNativeTarget "百思不得姐UITests" */;
			buildPhases = (
				77A5A1DA1CEDB4AD00DABE07 /* Sources */,
				77A5A1DB1CEDB4AD00DABE07 /* Frameworks */,
				77A5A1DC1CEDB4AD00DABE07 /* Resources */,
			);
			buildRules = (
			);
			dependencies = (
				77A5A1E01CEDB4AD00DABE07 /* PBXTargetDependency */,
			);
			name = "百思不得姐UITests";
			productName = "百思不得姐UITests";
			productReference = 77A5A1DE1CEDB4AD00DABE07 /* 百思不得姐UITests.xctest */;
			productType = "com.apple.product-type.bundle.ui-testing";
		};
/* End PBXNativeTarget section */

/* Begin PBXProject section */
		77A5A1B21CEDB4AB00DABE07 /* Project object */ = {
			isa = PBXProject;
			attributes = {
				CLASSPREFIX = JQ;
				LastUpgradeCheck = 0730;
				ORGANIZATIONNAME = mzzdxt;
				TargetAttributes = {
					77A5A1B91CEDB4AC00DABE07 = {
						CreatedOnToolsVersion = 7.3.1;
						DevelopmentTeam = HW936S7B5L;
					};
					77A5A1D21CEDB4AD00DABE07 = {
						CreatedOnToolsVersion = 7.3.1;
						TestTargetID = 77A5A1B91CEDB4AC00DABE07;
					};
					77A5A1DD1CEDB4AD00DABE07 = {
						CreatedOnToolsVersion = 7.3.1;
						TestTargetID = 77A5A1B91CEDB4AC00DABE07;
					};
				};
			};
			buildConfigurationList = 77A5A1B51CEDB4AB00DABE07 /* Build configuration list for PBXProject "百思不得姐" */;
			compatibilityVersion = "Xcode 3.2";
			developmentRegion = English;
			hasScannedForEncodings = 0;
			knownRegions = (
				en,
				Base,
			);
			mainGroup = 77A5A1B11CEDB4AB00DABE07;
			productRefGroup = 77A5A1BB1CEDB4AC00DABE07 /* Products */;
			projectDirPath = "";
			projectRoot = "";
			targets = (
				77A5A1B91CEDB4AC00DABE07 /* 百思不得姐 */,
				77A5A1D21CEDB4AD00DABE07 /* 百思不得姐Tests */,
				77A5A1DD1CEDB4AD00DABE07 /* 百思不得姐UITests */,
			);
		};
/* End PBXProject section */

/* Begin PBXResourcesBuildPhase section */
		77A5A1B81CEDB4AC00DABE07 /* Resources */ = {
			isa = PBXResourcesBuildPhase;
			buildActionMask = 2147483647;
			files = (
				770C02E11CEFF3B000FF6638 /* JQFriendTrendsViewController.xib in Resources */,
				77A5A1CA1CEDB4AD00DABE07 /* Assets.xcassets in Resources */,
			);
			runOnlyForDeploymentPostprocessing = 0;
		};
		77A5A1D11CEDB4AD00DABE07 /* Resources */ = {
			isa = PBXResourcesBuildPhase;
			buildActionMask = 2147483647;
			files = (
			);
			runOnlyForDeploymentPostprocessing = 0;
		};
		77A5A1DC1CEDB4AD00DABE07 /* Resources */ = {
			isa = PBXResourcesBuildPhase;
			buildActionMask = 2147483647;
			files = (
			);
			runOnlyForDeploymentPostprocessing = 0;
		};
/* End PBXResourcesBuildPhase section */

/* Begin PBXShellScriptBuildPhase section */
		318512EDCCE72BA2E6F0E378 /* 📦 Copy Pods Resources */ = {
			isa = PBXShellScriptBuildPhase;
			buildActionMask = 2147483647;
			files = (
			);
			inputPaths = (
			);
			name = "📦 Copy Pods Resources";
			outputPaths = (
			);
			runOnlyForDeploymentPostprocessing = 0;
			shellPath = /bin/sh;
			shellScript = "\"${SRCROOT}/Pods/Target Support Files/Pods-百思不得姐/Pods-百思不得姐-resources.sh\"\n";
			showEnvVarsInLog = 0;
		};
		63A015273C272E5BA559ADE4 /* 📦 Embed Pods Frameworks */ = {
			isa = PBXShellScriptBuildPhase;
			buildActionMask = 2147483647;
			files = (
			);
			inputPaths = (
			);
			name = "📦 Embed Pods Frameworks";
			outputPaths = (
			);
			runOnlyForDeploymentPostprocessing = 0;
			shellPath = /bin/sh;
			shellScript = "\"${SRCROOT}/Pods/Target Support Files/Pods-百思不得姐/Pods-百思不得姐-frameworks.sh\"\n";
			showEnvVarsInLog = 0;
		};
		A1A1F830D1B2162BF2DD5C30 /* 📦 Check Pods Manifest.lock */ = {
			isa = PBXShellScriptBuildPhase;
			buildActionMask = 2147483647;
			files = (
			);
			inputPaths = (
			);
			name = "📦 Check Pods Manifest.lock";
			outputPaths = (
			);
			runOnlyForDeploymentPostprocessing = 0;
			shellPath = /bin/sh;
			shellScript = "diff \"${PODS_ROOT}/../Podfile.lock\" \"${PODS_ROOT}/Manifest.lock\" > /dev/null\nif [[ $? != 0 ]] ; then\n    cat << EOM\nerror: The sandbox is not in sync with the Podfile.lock. Run 'pod install' or update your CocoaPods installation.\nEOM\n    exit 1\nfi\n";
			showEnvVarsInLog = 0;
		};
/* End PBXShellScriptBuildPhase section */

/* Begin PBXSourcesBuildPhase section */
		77A5A1B61CEDB4AC00DABE07 /* Sources */ = {
			isa = PBXSourcesBuildPhase;
			buildActionMask = 2147483647;
			files = (
				770C02DF1CEFECB000FF6638 /* JQNavigationController.m in Sources */,
				291496271CEEC464003E3E11 /* JQNewViewController.m in Sources */,
				291496241CEEC464003E3E11 /* JQEssenceViewController.m in Sources */,
				291496251CEEC464003E3E11 /* JQFriendTrendsViewController.m in Sources */,
				2914962A1CEEC464003E3E11 /* JQTabBarController.m in Sources */,
				291496261CEEC464003E3E11 /* JQMeViewController.m in Sources */,
				291496281CEEC464003E3E11 /* AppDelegate.m in Sources */,
				2914962C1CEEC464003E3E11 /* JQTabBar.m in Sources */,
				2914962B1CEEC464003E3E11 /* main.m in Sources */,
				291496291CEEC464003E3E11 /* UIView+JQExtension.m in Sources */,
				291496321CEEC594003E3E11 /* UIBarButtonItem+JQExtension.m in Sources */,
			);
			runOnlyForDeploymentPostprocessing = 0;
		};
		77A5A1CF1CEDB4AD00DABE07 /* Sources */ = {
			isa = PBXSourcesBuildPhase;
			buildActionMask = 2147483647;
			files = (
				77A5A1D81CEDB4AD00DABE07 /* _____Tests.m in Sources */,
			);
			runOnlyForDeploymentPostprocessing = 0;
		};
		77A5A1DA1CEDB4AD00DABE07 /* Sources */ = {
			isa = PBXSourcesBuildPhase;
			buildActionMask = 2147483647;
			files = (
				77A5A1E31CEDB4AD00DABE07 /* _____UITests.m in Sources */,
			);
			runOnlyForDeploymentPostprocessing = 0;
		};
/* End PBXSourcesBuildPhase section */

/* Begin PBXTargetDependency section */
		77A5A1D51CEDB4AD00DABE07 /* PBXTargetDependency */ = {
			isa = PBXTargetDependency;
			target = 77A5A1B91CEDB4AC00DABE07 /* 百思不得姐 */;
			targetProxy = 77A5A1D41CEDB4AD00DABE07 /* PBXContainerItemProxy */;
		};
		77A5A1E01CEDB4AD00DABE07 /* PBXTargetDependency */ = {
			isa = PBXTargetDependency;
			target = 77A5A1B91CEDB4AC00DABE07 /* 百思不得姐 */;
			targetProxy = 77A5A1DF1CEDB4AD00DABE07 /* PBXContainerItemProxy */;
		};
/* End PBXTargetDependency section */

/* Begin XCBuildConfiguration section */
		77A5A1E51CEDB4AD00DABE07 /* Debug */ = {
			isa = XCBuildConfiguration;
			buildSettings = {
				ALWAYS_SEARCH_USER_PATHS = NO;
				CLANG_ANALYZER_NONNULL = YES;
				CLANG_CXX_LANGUAGE_STANDARD = "gnu++0x";
				CLANG_CXX_LIBRARY = "libc++";
				CLANG_ENABLE_MODULES = YES;
				CLANG_ENABLE_OBJC_ARC = YES;
				CLANG_WARN_BOOL_CONVERSION = YES;
				CLANG_WARN_CONSTANT_CONVERSION = YES;
				CLANG_WARN_DIRECT_OBJC_ISA_USAGE = YES_ERROR;
				CLANG_WARN_EMPTY_BODY = YES;
				CLANG_WARN_ENUM_CONVERSION = YES;
				CLANG_WARN_INT_CONVERSION = YES;
				CLANG_WARN_OBJC_ROOT_CLASS = YES_ERROR;
				CLANG_WARN_UNREACHABLE_CODE = YES;
				CLANG_WARN__DUPLICATE_METHOD_MATCH = YES;
				"CODE_SIGN_IDENTITY[sdk=iphoneos*]" = "iPhone Developer";
				COPY_PHASE_STRIP = NO;
				DEBUG_INFORMATION_FORMAT = dwarf;
				ENABLE_STRICT_OBJC_MSGSEND = YES;
				ENABLE_TESTABILITY = YES;
				GCC_C_LANGUAGE_STANDARD = gnu99;
				GCC_DYNAMIC_NO_PIC = NO;
				GCC_NO_COMMON_BLOCKS = YES;
				GCC_OPTIMIZATION_LEVEL = 0;
				GCC_PREPROCESSOR_DEFINITIONS = (
					"DEBUG=1",
					"$(inherited)",
				);
				GCC_WARN_64_TO_32_BIT_CONVERSION = YES;
				GCC_WARN_ABOUT_RETURN_TYPE = YES_ERROR;
				GCC_WARN_UNDECLARED_SELECTOR = YES;
				GCC_WARN_UNINITIALIZED_AUTOS = YES_AGGRESSIVE;
				GCC_WARN_UNUSED_FUNCTION = YES;
				GCC_WARN_UNUSED_VARIABLE = YES;
				IPHONEOS_DEPLOYMENT_TARGET = 9.3;
				MTL_ENABLE_DEBUG_INFO = YES;
				ONLY_ACTIVE_ARCH = YES;
				SDKROOT = iphoneos;
			};
			name = Debug;
		};
		77A5A1E61CEDB4AD00DABE07 /* Release */ = {
			isa = XCBuildConfiguration;
			buildSettings = {
				ALWAYS_SEARCH_USER_PATHS = NO;
				CLANG_ANALYZER_NONNULL = YES;
				CLANG_CXX_LANGUAGE_STANDARD = "gnu++0x";
				CLANG_CXX_LIBRARY = "libc++";
				CLANG_ENABLE_MODULES = YES;
				CLANG_ENABLE_OBJC_ARC = YES;
				CLANG_WARN_BOOL_CONVERSION = YES;
				CLANG_WARN_CONSTANT_CONVERSION = YES;
				CLANG_WARN_DIRECT_OBJC_ISA_USAGE = YES_ERROR;
				CLANG_WARN_EMPTY_BODY = YES;
				CLANG_WARN_ENUM_CONVERSION = YES;
				CLANG_WARN_INT_CONVERSION = YES;
				CLANG_WARN_OBJC_ROOT_CLASS = YES_ERROR;
				CLANG_WARN_UNREACHABLE_CODE = YES;
				CLANG_WARN__DUPLICATE_METHOD_MATCH = YES;
				"CODE_SIGN_IDENTITY[sdk=iphoneos*]" = "iPhone Developer";
				COPY_PHASE_STRIP = NO;
				DEBUG_INFORMATION_FORMAT = "dwarf-with-dsym";
				ENABLE_NS_ASSERTIONS = NO;
				ENABLE_STRICT_OBJC_MSGSEND = YES;
				GCC_C_LANGUAGE_STANDARD = gnu99;
				GCC_NO_COMMON_BLOCKS = YES;
				GCC_WARN_64_TO_32_BIT_CONVERSION = YES;
				GCC_WARN_ABOUT_RETURN_TYPE = YES_ERROR;
				GCC_WARN_UNDECLARED_SELECTOR = YES;
				GCC_WARN_UNINITIALIZED_AUTOS = YES_AGGRESSIVE;
				GCC_WARN_UNUSED_FUNCTION = YES;
				GCC_WARN_UNUSED_VARIABLE = YES;
				IPHONEOS_DEPLOYMENT_TARGET = 9.3;
				MTL_ENABLE_DEBUG_INFO = NO;
				SDKROOT = iphoneos;
				VALIDATE_PRODUCT = YES;
			};
			name = Release;
		};
		77A5A1E81CEDB4AD00DABE07 /* Debug */ = {
			isa = XCBuildConfiguration;
			baseConfigurationReference = 1AE2C21955BCDB7313DAB31C /* Pods-百思不得姐.debug.xcconfig */;
			buildSettings = {
				ASSETCATALOG_COMPILER_APPICON_NAME = AppIcon;
				ASSETCATALOG_COMPILER_LAUNCHIMAGE_NAME = "Brand Assets";
				CODE_SIGN_IDENTITY = "iPhone Developer";
				"CODE_SIGN_IDENTITY[sdk=iphoneos*]" = "iPhone Developer";
				GCC_PREFIX_HEADER = "百思不得姐/Classes/Other-其他/PrefixHeader.pch";
				INFOPLIST_FILE = "百思不得姐/Info.plist";
				LD_RUNPATH_SEARCH_PATHS = "$(inherited) @executable_path/Frameworks";
				PRODUCT_BUNDLE_IDENTIFIER = "com.mzzdxt.bsbdj.-----";
				PRODUCT_NAME = "$(TARGET_NAME)";
				PROVISIONING_PROFILE = "";
			};
			name = Debug;
		};
		77A5A1E91CEDB4AD00DABE07 /* Release */ = {
			isa = XCBuildConfiguration;
			baseConfigurationReference = 8BB9C7B97239F00690607E94 /* Pods-百思不得姐.release.xcconfig */;
			buildSettings = {
				ASSETCATALOG_COMPILER_APPICON_NAME = AppIcon;
				ASSETCATALOG_COMPILER_LAUNCHIMAGE_NAME = "Brand Assets";
				CODE_SIGN_IDENTITY = "iPhone Developer";
				"CODE_SIGN_IDENTITY[sdk=iphoneos*]" = "iPhone Developer";
				GCC_PREFIX_HEADER = "百思不得姐/Classes/Other-其他/PrefixHeader.pch";
				INFOPLIST_FILE = "百思不得姐/Info.plist";
				LD_RUNPATH_SEARCH_PATHS = "$(inherited) @executable_path/Frameworks";
				PRODUCT_BUNDLE_IDENTIFIER = "com.mzzdxt.bsbdj.-----";
				PRODUCT_NAME = "$(TARGET_NAME)";
				PROVISIONING_PROFILE = "";
			};
			name = Release;
		};
		77A5A1EB1CEDB4AD00DABE07 /* Debug */ = {
			isa = XCBuildConfiguration;
			buildSettings = {
				BUNDLE_LOADER = "$(TEST_HOST)";
				INFOPLIST_FILE = "百思不得姐Tests/Info.plist";
				LD_RUNPATH_SEARCH_PATHS = "$(inherited) @executable_path/Frameworks @loader_path/Frameworks";
				PRODUCT_BUNDLE_IDENTIFIER = "com.mzzdxt.bsbdj.-----Tests";
				PRODUCT_NAME = "$(TARGET_NAME)";
				TEST_HOST = "$(BUILT_PRODUCTS_DIR)/百思不得姐.app/百思不得姐";
			};
			name = Debug;
		};
		77A5A1EC1CEDB4AD00DABE07 /* Release */ = {
			isa = XCBuildConfiguration;
			buildSettings = {
				BUNDLE_LOADER = "$(TEST_HOST)";
				INFOPLIST_FILE = "百思不得姐Tests/Info.plist";
				LD_RUNPATH_SEARCH_PATHS = "$(inherited) @executable_path/Frameworks @loader_path/Frameworks";
				PRODUCT_BUNDLE_IDENTIFIER = "com.mzzdxt.bsbdj.-----Tests";
				PRODUCT_NAME = "$(TARGET_NAME)";
				TEST_HOST = "$(BUILT_PRODUCTS_DIR)/百思不得姐.app/百思不得姐";
			};
			name = Release;
		};
		77A5A1EE1CEDB4AD00DABE07 /* Debug */ = {
			isa = XCBuildConfiguration;
			buildSettings = {
				INFOPLIST_FILE = "百思不得姐UITests/Info.plist";
				LD_RUNPATH_SEARCH_PATHS = "$(inherited) @executable_path/Frameworks @loader_path/Frameworks";
				PRODUCT_BUNDLE_IDENTIFIER = "com.mzzdxt.bsbdj.-----UITests";
				PRODUCT_NAME = "$(TARGET_NAME)";
				TEST_TARGET_NAME = "百思不得姐";
			};
			name = Debug;
		};
		77A5A1EF1CEDB4AD00DABE07 /* Release */ = {
			isa = XCBuildConfiguration;
			buildSettings = {
				INFOPLIST_FILE = "百思不得姐UITests/Info.plist";
				LD_RUNPATH_SEARCH_PATHS = "$(inherited) @executable_path/Frameworks @loader_path/Frameworks";
				PRODUCT_BUNDLE_IDENTIFIER = "com.mzzdxt.bsbdj.-----UITests";
				PRODUCT_NAME = "$(TARGET_NAME)";
				TEST_TARGET_NAME = "百思不得姐";
			};
			name = Release;
		};
/* End XCBuildConfiguration section */

/* Begin XCConfigurationList section */
		77A5A1B51CEDB4AB00DABE07 /* Build configuration list for PBXProject "百思不得姐" */ = {
			isa = XCConfigurationList;
			buildConfigurations = (
				77A5A1E51CEDB4AD00DABE07 /* Debug */,
				77A5A1E61CEDB4AD00DABE07 /* Release */,
			);
			defaultConfigurationIsVisible = 0;
			defaultConfigurationName = Release;
		};
		77A5A1E71CEDB4AD00DABE07 /* Build configuration list for PBXNativeTarget "百思不得姐" */ = {
			isa = XCConfigurationList;
			buildConfigurations = (
				77A5A1E81CEDB4AD00DABE07 /* Debug */,
				77A5A1E91CEDB4AD00DABE07 /* Release */,
			);
			defaultConfigurationIsVisible = 0;
			defaultConfigurationName = Release;
		};
		77A5A1EA1CEDB4AD00DABE07 /* Build configuration list for PBXNativeTarget "百思不得姐Tests" */ = {
			isa = XCConfigurationList;
			buildConfigurations = (
				77A5A1EB1CEDB4AD00DABE07 /* Debug */,
				77A5A1EC1CEDB4AD00DABE07 /* Release */,
			);
			defaultConfigurationIsVisible = 0;
			defaultConfigurationName = Release;
		};
		77A5A1ED1CEDB4AD00DABE07 /* Build configuration list for PBXNativeTarget "百思不得姐UITests" */ = {
			isa = XCConfigurationList;
			buildConfigurations = (
				77A5A1EE1CEDB4AD00DABE07 /* Debug */,
				77A5A1EF1CEDB4AD00DABE07 /* Release */,
			);
			defaultConfigurationIsVisible = 0;
			defaultConfigurationName = Release;
		};
/* End XCConfigurationList section */
	};
	rootObject = 77A5A1B21CEDB4AB00DABE07 /* Project object */;
}
