// !$*UTF8*$!
{
	archiveVersion = 1;
	classes = {
	};
	objectVersion = 46;
	objects = {

/* Begin PBXBuildFile section */
		77A5A1BF1CEDB4AD00DABE07 /* main.m in Sources */ = {isa = PBXBuildFile; fileRef = 77A5A1BE1CEDB4AD00DABE07 /* main.m */; };
		77A5A1C21CEDB4AD00DABE07 /* AppDelegate.m in Sources */ = {isa = PBXBuildFile; fileRef = 77A5A1C11CEDB4AD00DABE07 /* AppDelegate.m */; };
		77A5A1CA1CEDB4AD00DABE07 /* Assets.xcassets in Resources */ = {isa = PBXBuildFile; fileRef = 77A5A1C91CEDB4AD00DABE07 /* Assets.xcassets */; };
		77A5A1D81CEDB4AD00DABE07 /* _____Tests.m in Sources */ = {isa = PBXBuildFile; fileRef = 77A5A1D71CEDB4AD00DABE07 /* _____Tests.m */; };
		77A5A1E31CEDB4AD00DABE07 /* _____UITests.m in Sources */ = {isa = PBXBuildFile; fileRef = 77A5A1E21CEDB4AD00DABE07 /* _____UITests.m */; };
		77A5A1F21CEDC63E00DABE07 /* JQTabBarController.m in Sources */ = {isa = PBXBuildFile; fileRef = 77A5A1F11CEDC63E00DABE07 /* JQTabBarController.m */; };
/* End PBXBuildFile section */

/* Begin PBXContainerItemProxy section */
		77A5A1D41CEDB4AD00DABE07 /* PBXContainerItemProxy */ = {
			isa = PBXContainerItemProxy;
			containerPortal = 77A5A1B21CEDB4AB00DABE07 /* Project object */;
			proxyType = 1;
			remoteGlobalIDString = 77A5A1B91CEDB4AC00DABE07;
			remoteInfo = "百思不得姐";
		};
		77A5A1DF1CEDB4AD00DABE07 /* PBXContainerItemProxy */ = {
			isa = PBXContainerItemProxy;
			containerPortal = 77A5A1B21CEDB4AB00DABE07 /* Project object */;
			proxyType = 1;
			remoteGlobalIDString = 77A5A1B91CEDB4AC00DABE07;
			remoteInfo = "百思不得姐";
		};
/* End PBXContainerItemProxy section */

/* Begin PBXFileReference section */
		77A5A1BA1CEDB4AC00DABE07 /* 百思不得姐.app */ = {isa = PBXFileReference; explicitFileType = wrapper.application; includeInIndex = 0; path = "百思不得姐.app"; sourceTree = BUILT_PRODUCTS_DIR; };
		77A5A1BE1CEDB4AD00DABE07 /* main.m */ = {isa = PBXFileReference; lastKnownFileType = sourcecode.c.objc; path = main.m; sourceTree = "<group>"; };
		77A5A1C01CEDB4AD00DABE07 /* AppDelegate.h */ = {isa = PBXFileReference; lastKnownFileType = sourcecode.c.h; path = AppDelegate.h; sourceTree = "<group>"; };
		77A5A1C11CEDB4AD00DABE07 /* AppDelegate.m */ = {isa = PBXFileReference; lastKnownFileType = sourcecode.c.objc; path = AppDelegate.m; sourceTree = "<group>"; };
		77A5A1C91CEDB4AD00DABE07 /* Assets.xcassets */ = {isa = PBXFileReference; lastKnownFileType = folder.assetcatalog; path = Assets.xcassets; sourceTree = "<group>"; };
		77A5A1CE1CEDB4AD00DABE07 /* Info.plist */ = {isa = PBXFileReference; lastKnownFileType = text.plist.xml; path = Info.plist; sourceTree = "<group>"; };
		77A5A1D31CEDB4AD00DABE07 /* 百思不得姐Tests.xctest */ = {isa = PBXFileReference; explicitFileType = wrapper.cfbundle; includeInIndex = 0; path = "百思不得姐Tests.xctest"; sourceTree = BUILT_PRODUCTS_DIR; };
		77A5A1D71CEDB4AD00DABE07 /* _____Tests.m */ = {isa = PBXFileReference; lastKnownFileType = sourcecode.c.objc; path = "_____Tests.m"; sourceTree = "<group>"; };
		77A5A1D91CEDB4AD00DABE07 /* Info.plist */ = {isa = PBXFileReference; lastKnownFileType = text.plist.xml; path = Info.plist; sourceTree = "<group>"; };
		77A5A1DE1CEDB4AD00DABE07 /* 百思不得姐UITests.xctest */ = {isa = PBXFileReference; explicitFileType = wrapper.cfbundle; includeInIndex = 0; path = "百思不得姐UITests.xctest"; sourceTree = BUILT_PRODUCTS_DIR; };
		77A5A1E21CEDB4AD00DABE07 /* _____UITests.m */ = {isa = PBXFileReference; lastKnownFileType = sourcecode.c.objc; path = "_____UITests.m"; sourceTree = "<group>"; };
		77A5A1E41CEDB4AD00DABE07 /* Info.plist */ = {isa = PBXFileReference; lastKnownFileType = text.plist.xml; path = Info.plist; sourceTree = "<group>"; };
		77A5A1F01CEDC63E00DABE07 /* JQTabBarController.h */ = {isa = PBXFileReference; fileEncoding = 4; lastKnownFileType = sourcecode.c.h; path = JQTabBarController.h; sourceTree = "<group>"; };
		77A5A1F11CEDC63E00DABE07 /* JQTabBarController.m */ = {isa = PBXFileReference; fileEncoding = 4; lastKnownFileType = sourcecode.c.objc; path = JQTabBarController.m; sourceTree = "<group>"; };
/* End PBXFileReference section */

/* Begin PBXFrameworksBuildPhase section */
		77A5A1B71CEDB4AC00DABE07 /* Frameworks */ = {
			isa = PBXFrameworksBuildPhase;
			buildActionMask = 2147483647;
			files = (
			);
			runOnlyForDeploymentPostprocessing = 0;
		};
		77A5A1D01CEDB4AD00DABE07 /* Frameworks */ = {
			isa = PBXFrameworksBuildPhase;
			buildActionMask = 2147483647;
			files = (
			);
			runOnlyForDeploymentPostprocessing = 0;
		};
		77A5A1DB1CEDB4AD00DABE07 /* Frameworks */ = {
			isa = PBXFrameworksBuildPhase;
			buildActionMask = 2147483647;
			files = (
			);
			runOnlyForDeploymentPostprocessing = 0;
		};
/* End PBXFrameworksBuildPhase section */

/* Begin PBXGroup section */
		77A5A1B11CEDB4AB00DABE07 = {
			isa = PBXGroup;
			children = (
				77A5A1BC1CEDB4AD00DABE07 /* 百思不得姐 */,
				77A5A1D61CEDB4AD00DABE07 /* 百思不得姐Tests */,
				77A5A1E11CEDB4AD00DABE07 /* 百思不得姐UITests */,
				77A5A1BB1CEDB4AC00DABE07 /* Products */,
			);
			sourceTree = "<group>";
		};
		77A5A1BB1CEDB4AC00DABE07 /* Products */ = {
			isa = PBXGroup;
			children = (
				77A5A1BA1CEDB4AC00DABE07 /* 百思不得姐.app */,
				77A5A1D31CEDB4AD00DABE07 /* 百思不得姐Tests.xctest */,
				77A5A1DE1CEDB4AD00DABE07 /* 百思不得姐UITests.xctest */,
			);
			name = Products;
			sourceTree = "<group>";
		};
		77A5A1BC1CEDB4AD00DABE07 /* 百思不得姐 */ = {
			isa = PBXGroup;
			children = (
				77A5A1C01CEDB4AD00DABE07 /* AppDelegate.h */,
				77A5A1C11CEDB4AD00DABE07 /* AppDelegate.m */,
				77A5A1F01CEDC63E00DABE07 /* JQTabBarController.h */,
				77A5A1F11CEDC63E00DABE07 /* JQTabBarController.m */,
				77A5A1BD1CEDB4AD00DABE07 /* Supporting Files */,
			);
			path = "百思不得姐";
			sourceTree = "<group>";
		};
		77A5A1BD1CEDB4AD00DABE07 /* Supporting Files */ = {
			isa = PBXGroup;
			children = (
				77A5A1C91CEDB4AD00DABE07 /* Assets.xcassets */,
				77A5A1CE1CEDB4AD00DABE07 /* Info.plist */,
				77A5A1BE1CEDB4AD00DABE07 /* main.m */,
			);
			name = "Supporting Files";
			sourceTree = "<group>";
		};
		77A5A1D61CEDB4AD00DABE07 /* 百思不得姐Tests */ = {
			isa = PBXGroup;
			children = (
				77A5A1D71CEDB4AD00DABE07 /* _____Tests.m */,
				77A5A1D91CEDB4AD00DABE07 /* Info.plist */,
			);
			path = "百思不得姐Tests";
			sourceTree = "<group>";
		};
		77A5A1E11CEDB4AD00DABE07 /* 百思不得姐UITests */ = {
			isa = PBXGroup;
			children = (
				77A5A1E21CEDB4AD00DABE07 /* _____UITests.m */,
				77A5A1E41CEDB4AD00DABE07 /* Info.plist */,
			);
			path = "百思不得姐UITests";
			sourceTree = "<group>";
		};
/* End PBXGroup section */

/* Begin PBXNativeTarget section */
		77A5A1B91CEDB4AC00DABE07 /* 百思不得姐 */ = {
			isa = PBXNativeTarget;
			buildConfigurationList = 77A5A1E71CEDB4AD00DABE07 /* Build configuration list for PBXNativeTarget "百思不得姐" */;
			buildPhases = (
				77A5A1B61CEDB4AC00DABE07 /* Sources */,
				77A5A1B71CEDB4AC00DABE07 /* Frameworks */,
				77A5A1B81CEDB4AC00DABE07 /* Resources */,
			);
			buildRules = (
			);
			dependencies = (
			);
			name = "百思不得姐";
			productName = "百思不得姐";
			productReference = 77A5A1BA1CEDB4AC00DABE07 /* 百思不得姐.app */;
			productType = "com.apple.product-type.application";
		};
		77A5A1D21CEDB4AD00DABE07 /* 百思不得姐Tests */ = {
			isa = PBXNativeTarget;
			buildConfigurationList = 77A5A1EA1CEDB4AD00DABE07 /* Build configuration list for PBXNativeTarget "百思不得姐Tests" */;
			buildPhases = (
				77A5A1CF1CEDB4AD00DABE07 /* Sources */,
				77A5A1D01CEDB4AD00DABE07 /* Frameworks */,
				77A5A1D11CEDB4AD00DABE07 /* Resources */,
			);
			buildRules = (
			);
			dependencies = (
				77A5A1D51CEDB4AD00DABE07 /* PBXTargetDependency */,
			);
			name = "百思不得姐Tests";
			productName = "百思不得姐Tests";
			productReference = 77A5A1D31CEDB4AD00DABE07 /* 百思不得姐Tests.xctest */;
			productType = "com.apple.product-type.bundle.unit-test";
		};
		77A5A1DD1CEDB4AD00DABE07 /* 百思不得姐UITests */ = {
			isa = PBXNativeTarget;
			buildConfigurationList = 77A5A1ED1CEDB4AD00DABE07 /* Build configuration list for PBXNativeTarget "百思不得姐UITests" */;
			buildPhases = (
				77A5A1DA1CEDB4AD00DABE07 /* Sources */,
				77A5A1DB1CEDB4AD00DABE07 /* Frameworks */,
				77A5A1DC1CEDB4AD00DABE07 /* Resources */,
			);
			buildRules = (
			);
			dependencies = (
				77A5A1E01CEDB4AD00DABE07 /* PBXTargetDependency */,
			);
			name = "百思不得姐UITests";
			productName = "百思不得姐UITests";
			productReference = 77A5A1DE1CEDB4AD00DABE07 /* 百思不得姐UITests.xctest */;
			productType = "com.apple.product-type.bundle.ui-testing";
		};
/* End PBXNativeTarget section */

/* Begin PBXProject section */
		77A5A1B21CEDB4AB00DABE07 /* Project object */ = {
			isa = PBXProject;
			attributes = {
				CLASSPREFIX = JQ;
				LastUpgradeCheck = 0730;
				ORGANIZATIONNAME = "王家齐";
				TargetAttributes = {
					77A5A1B91CEDB4AC00DABE07 = {
						CreatedOnToolsVersion = 7.3.1;
					};
					77A5A1D21CEDB4AD00DABE07 = {
						CreatedOnToolsVersion = 7.3.1;
						TestTargetID = 77A5A1B91CEDB4AC00DABE07;
					};
					77A5A1DD1CEDB4AD00DABE07 = {
						CreatedOnToolsVersion = 7.3.1;
						TestTargetID = 77A5A1B91CEDB4AC00DABE07;
					};
				};
			};
			buildConfigurationList = 77A5A1B51CEDB4AB00DABE07 /* Build configuration list for PBXProject "百思不得姐" */;
			compatibilityVersion = "Xcode 3.2";
			developmentRegion = English;
			hasScannedForEncodings = 0;
			knownRegions = (
				en,
				Base,
			);
			mainGroup = 77A5A1B11CEDB4AB00DABE07;
			productRefGroup = 77A5A1BB1CEDB4AC00DABE07 /* Products */;
			projectDirPath = "";
			projectRoot = "";
			targets = (
				77A5A1B91CEDB4AC00DABE07 /* 百思不得姐 */,
				77A5A1D21CEDB4AD00DABE07 /* 百思不得姐Tests */,
				77A5A1DD1CEDB4AD00DABE07 /* 百思不得姐UITests */,
			);
		};
/* End PBXProject section */

/* Begin PBXResourcesBuildPhase section */
		77A5A1B81CEDB4AC00DABE07 /* Resources */ = {
			isa = PBXResourcesBuildPhase;
			buildActionMask = 2147483647;
			files = (
				77A5A1CA1CEDB4AD00DABE07 /* Assets.xcassets in Resources */,
			);
			runOnlyForDeploymentPostprocessing = 0;
		};
		77A5A1D11CEDB4AD00DABE07 /* Resources */ = {
			isa = PBXResourcesBuildPhase;
			buildActionMask = 2147483647;
			files = (
			);
			runOnlyForDeploymentPostprocessing = 0;
		};
		77A5A1DC1CEDB4AD00DABE07 /* Resources */ = {
			isa = PBXResourcesBuildPhase;
			buildActionMask = 2147483647;
			files = (
			);
			runOnlyForDeploymentPostprocessing = 0;
		};
/* End PBXResourcesBuildPhase section */

/* Begin PBXSourcesBuildPhase section */
		77A5A1B61CEDB4AC00DABE07 /* Sources */ = {
			isa = PBXSourcesBuildPhase;
			buildActionMask = 2147483647;
			files = (
				77A5A1C21CEDB4AD00DABE07 /* AppDelegate.m in Sources */,
				77A5A1F21CEDC63E00DABE07 /* JQTabBarController.m in Sources */,
				77A5A1BF1CEDB4AD00DABE07 /* main.m in Sources */,
			);
			runOnlyForDeploymentPostprocessing = 0;
		};
		77A5A1CF1CEDB4AD00DABE07 /* Sources */ = {
			isa = PBXSourcesBuildPhase;
			buildActionMask = 2147483647;
			files = (
				77A5A1D81CEDB4AD00DABE07 /* _____Tests.m in Sources */,
			);
			runOnlyForDeploymentPostprocessing = 0;
		};
		77A5A1DA1CEDB4AD00DABE07 /* Sources */ = {
			isa = PBXSourcesBuildPhase;
			buildActionMask = 2147483647;
			files = (
				77A5A1E31CEDB4AD00DABE07 /* _____UITests.m in Sources */,
			);
			runOnlyForDeploymentPostprocessing = 0;
		};
/* End PBXSourcesBuildPhase section */

/* Begin PBXTargetDependency section */
		77A5A1D51CEDB4AD00DABE07 /* PBXTargetDependency */ = {
			isa = PBXTargetDependency;
			target = 77A5A1B91CEDB4AC00DABE07 /* 百思不得姐 */;
			targetProxy = 77A5A1D41CEDB4AD00DABE07 /* PBXContainerItemProxy */;
		};
		77A5A1E01CEDB4AD00DABE07 /* PBXTargetDependency */ = {
			isa = PBXTargetDependency;
			target = 77A5A1B91CEDB4AC00DABE07 /* 百思不得姐 */;
			targetProxy = 77A5A1DF1CEDB4AD00DABE07 /* PBXContainerItemProxy */;
		};
/* End PBXTargetDependency section */

/* Begin XCBuildConfiguration section */
		77A5A1E51CEDB4AD00DABE07 /* Debug */ = {
			isa = XCBuildConfiguration;
			buildSettings = {
				ALWAYS_SEARCH_USER_PATHS = NO;
				CLANG_ANALYZER_NONNULL = YES;
				CLANG_CXX_LANGUAGE_STANDARD = "gnu++0x";
				CLANG_CXX_LIBRARY = "libc++";
				CLANG_ENABLE_MODULES = YES;
				CLANG_ENABLE_OBJC_ARC = YES;
				CLANG_WARN_BOOL_CONVERSION = YES;
				CLANG_WARN_CONSTANT_CONVERSION = YES;
				CLANG_WARN_DIRECT_OBJC_ISA_USAGE = YES_ERROR;
				CLANG_WARN_EMPTY_BODY = YES;
				CLANG_WARN_ENUM_CONVERSION = YES;
				CLANG_WARN_INT_CONVERSION = YES;
				CLANG_WARN_OBJC_ROOT_CLASS = YES_ERROR;
				CLANG_WARN_UNREACHABLE_CODE = YES;
				CLANG_WARN__DUPLICATE_METHOD_MATCH = YES;
				"CODE_SIGN_IDENTITY[sdk=iphoneos*]" = "iPhone Developer";
				COPY_PHASE_STRIP = NO;
				DEBUG_INFORMATION_FORMAT = dwarf;
				ENABLE_STRICT_OBJC_MSGSEND = YES;
				ENABLE_TESTABILITY = YES;
				GCC_C_LANGUAGE_STANDARD = gnu99;
				GCC_DYNAMIC_NO_PIC = NO;
				GCC_NO_COMMON_BLOCKS = YES;
				GCC_OPTIMIZATION_LEVEL = 0;
				GCC_PREPROCESSOR_DEFINITIONS = (
					"DEBUG=1",
					"$(inherited)",
				);
				GCC_WARN_64_TO_32_BIT_CONVERSION = YES;
				GCC_WARN_ABOUT_RETURN_TYPE = YES_ERROR;
				GCC_WARN_UNDECLARED_SELECTOR = YES;
				GCC_WARN_UNINITIALIZED_AUTOS = YES_AGGRESSIVE;
				GCC_WARN_UNUSED_FUNCTION = YES;
				GCC_WARN_UNUSED_VARIABLE = YES;
				IPHONEOS_DEPLOYMENT_TARGET = 9.3;
				MTL_ENABLE_DEBUG_INFO = YES;
				ONLY_ACTIVE_ARCH = YES;
				SDKROOT = iphoneos;
			};
			name = Debug;
		};
		77A5A1E61CEDB4AD00DABE07 /* Release */ = {
			isa = XCBuildConfiguration;
			buildSettings = {
				ALWAYS_SEARCH_USER_PATHS = NO;
				CLANG_ANALYZER_NONNULL = YES;
				CLANG_CXX_LANGUAGE_STANDARD = "gnu++0x";
				CLANG_CXX_LIBRARY = "libc++";
				CLANG_ENABLE_MODULES = YES;
				CLANG_ENABLE_OBJC_ARC = YES;
				CLANG_WARN_BOOL_CONVERSION = YES;
				CLANG_WARN_CONSTANT_CONVERSION = YES;
				CLANG_WARN_DIRECT_OBJC_ISA_USAGE = YES_ERROR;
				CLANG_WARN_EMPTY_BODY = YES;
				CLANG_WARN_ENUM_CONVERSION = YES;
				CLANG_WARN_INT_CONVERSION = YES;
				CLANG_WARN_OBJC_ROOT_CLASS = YES_ERROR;
				CLANG_WARN_UNREACHABLE_CODE = YES;
				CLANG_WARN__DUPLICATE_METHOD_MATCH = YES;
				"CODE_SIGN_IDENTITY[sdk=iphoneos*]" = "iPhone Developer";
				COPY_PHASE_STRIP = NO;
				DEBUG_INFORMATION_FORMAT = "dwarf-with-dsym";
				ENABLE_NS_ASSERTIONS = NO;
				ENABLE_STRICT_OBJC_MSGSEND = YES;
				GCC_C_LANGUAGE_STANDARD = gnu99;
				GCC_NO_COMMON_BLOCKS = YES;
				GCC_WARN_64_TO_32_BIT_CONVERSION = YES;
				GCC_WARN_ABOUT_RETURN_TYPE = YES_ERROR;
				GCC_WARN_UNDECLARED_SELECTOR = YES;
				GCC_WARN_UNINITIALIZED_AUTOS = YES_AGGRESSIVE;
				GCC_WARN_UNUSED_FUNCTION = YES;
				GCC_WARN_UNUSED_VARIABLE = YES;
				IPHONEOS_DEPLOYMENT_TARGET = 9.3;
				MTL_ENABLE_DEBUG_INFO = NO;
				SDKROOT = iphoneos;
				VALIDATE_PRODUCT = YES;
			};
			name = Release;
		};
		77A5A1E81CEDB4AD00DABE07 /* Debug */ = {
			isa = XCBuildConfiguration;
			buildSettings = {
				ASSETCATALOG_COMPILER_APPICON_NAME = AppIcon;
				ASSETCATALOG_COMPILER_LAUNCHIMAGE_NAME = "Brand Assets";
				INFOPLIST_FILE = "百思不得姐/Info.plist";
				LD_RUNPATH_SEARCH_PATHS = "$(inherited) @executable_path/Frameworks";
				PRODUCT_BUNDLE_IDENTIFIER = "com.mzzdxt.bsbdj.-----";
				PRODUCT_NAME = "$(TARGET_NAME)";
			};
			name = Debug;
		};
		77A5A1E91CEDB4AD00DABE07 /* Release */ = {
			isa = XCBuildConfiguration;
			buildSettings = {
				ASSETCATALOG_COMPILER_APPICON_NAME = AppIcon;
				ASSETCATALOG_COMPILER_LAUNCHIMAGE_NAME = "Brand Assets";
				INFOPLIST_FILE = "百思不得姐/Info.plist";
				LD_RUNPATH_SEARCH_PATHS = "$(inherited) @executable_path/Frameworks";
				PRODUCT_BUNDLE_IDENTIFIER = "com.mzzdxt.bsbdj.-----";
				PRODUCT_NAME = "$(TARGET_NAME)";
			};
			name = Release;
		};
		77A5A1EB1CEDB4AD00DABE07 /* Debug */ = {
			isa = XCBuildConfiguration;
			buildSettings = {
				BUNDLE_LOADER = "$(TEST_HOST)";
				INFOPLIST_FILE = "百思不得姐Tests/Info.plist";
				LD_RUNPATH_SEARCH_PATHS = "$(inherited) @executable_path/Frameworks @loader_path/Frameworks";
				PRODUCT_BUNDLE_IDENTIFIER = "com.mzzdxt.bsbdj.-----Tests";
				PRODUCT_NAME = "$(TARGET_NAME)";
				TEST_HOST = "$(BUILT_PRODUCTS_DIR)/百思不得姐.app/百思不得姐";
			};
			name = Debug;
		};
		77A5A1EC1CEDB4AD00DABE07 /* Release */ = {
			isa = XCBuildConfiguration;
			buildSettings = {
				BUNDLE_LOADER = "$(TEST_HOST)";
				INFOPLIST_FILE = "百思不得姐Tests/Info.plist";
				LD_RUNPATH_SEARCH_PATHS = "$(inherited) @executable_path/Frameworks @loader_path/Frameworks";
				PRODUCT_BUNDLE_IDENTIFIER = "com.mzzdxt.bsbdj.-----Tests";
				PRODUCT_NAME = "$(TARGET_NAME)";
				TEST_HOST = "$(BUILT_PRODUCTS_DIR)/百思不得姐.app/百思不得姐";
			};
			name = Release;
		};
		77A5A1EE1CEDB4AD00DABE07 /* Debug */ = {
			isa = XCBuildConfiguration;
			buildSettings = {
				INFOPLIST_FILE = "百思不得姐UITests/Info.plist";
				LD_RUNPATH_SEARCH_PATHS = "$(inherited) @executable_path/Frameworks @loader_path/Frameworks";
				PRODUCT_BUNDLE_IDENTIFIER = "com.mzzdxt.bsbdj.-----UITests";
				PRODUCT_NAME = "$(TARGET_NAME)";
				TEST_TARGET_NAME = "百思不得姐";
			};
			name = Debug;
		};
		77A5A1EF1CEDB4AD00DABE07 /* Release */ = {
			isa = XCBuildConfiguration;
			buildSettings = {
				INFOPLIST_FILE = "百思不得姐UITests/Info.plist";
				LD_RUNPATH_SEARCH_PATHS = "$(inherited) @executable_path/Frameworks @loader_path/Frameworks";
				PRODUCT_BUNDLE_IDENTIFIER = "com.mzzdxt.bsbdj.-----UITests";
				PRODUCT_NAME = "$(TARGET_NAME)";
				TEST_TARGET_NAME = "百思不得姐";
			};
			name = Release;
		};
/* End XCBuildConfiguration section */

/* Begin XCConfigurationList section */
		77A5A1B51CEDB4AB00DABE07 /* Build configuration list for PBXProject "百思不得姐" */ = {
			isa = XCConfigurationList;
			buildConfigurations = (
				77A5A1E51CEDB4AD00DABE07 /* Debug */,
				77A5A1E61CEDB4AD00DABE07 /* Release */,
			);
			defaultConfigurationIsVisible = 0;
			defaultConfigurationName = Release;
		};
		77A5A1E71CEDB4AD00DABE07 /* Build configuration list for PBXNativeTarget "百思不得姐" */ = {
			isa = XCConfigurationList;
			buildConfigurations = (
				77A5A1E81CEDB4AD00DABE07 /* Debug */,
				77A5A1E91CEDB4AD00DABE07 /* Release */,
			);
			defaultConfigurationIsVisible = 0;
			defaultConfigurationName = Release;
		};
		77A5A1EA1CEDB4AD00DABE07 /* Build configuration list for PBXNativeTarget "百思不得姐Tests" */ = {
			isa = XCConfigurationList;
			buildConfigurations = (
				77A5A1EB1CEDB4AD00DABE07 /* Debug */,
				77A5A1EC1CEDB4AD00DABE07 /* Release */,
			);
			defaultConfigurationIsVisible = 0;
			defaultConfigurationName = Release;
		};
		77A5A1ED1CEDB4AD00DABE07 /* Build configuration list for PBXNativeTarget "百思不得姐UITests" */ = {
			isa = XCConfigurationList;
			buildConfigurations = (
				77A5A1EE1CEDB4AD00DABE07 /* Debug */,
				77A5A1EF1CEDB4AD00DABE07 /* Release */,
			);
			defaultConfigurationIsVisible = 0;
			defaultConfigurationName = Release;
		};
/* End XCConfigurationList section */
	};
	rootObject = 77A5A1B21CEDB4AB00DABE07 /* Project object */;
}
